// !$*UTF8*$!
{
	archiveVersion = 1;
	classes = {
	};
	objectVersion = 56;
	objects = {

/* Begin PBXBuildFile section */
		BAFCE50C2B0FFFAE00672E2F /* NavegacionSwiftUIApp.swift in Sources */ = {isa = PBXBuildFile; fileRef = BAFCE50B2B0FFFAE00672E2F /* NavegacionSwiftUIApp.swift */; };
		BAFCE50E2B0FFFAE00672E2F /* ContentView.swift in Sources */ = {isa = PBXBuildFile; fileRef = BAFCE50D2B0FFFAE00672E2F /* ContentView.swift */; };
		BAFCE5102B0FFFB000672E2F /* Assets.xcassets in Resources */ = {isa = PBXBuildFile; fileRef = BAFCE50F2B0FFFB000672E2F /* Assets.xcassets */; };
		BAFCE5132B0FFFB000672E2F /* Preview Assets.xcassets in Resources */ = {isa = PBXBuildFile; fileRef = BAFCE5122B0FFFB000672E2F /* Preview Assets.xcassets */; };
		BAFCE51D2B0FFFB000672E2F /* NavegacionSwiftUITests.swift in Sources */ = {isa = PBXBuildFile; fileRef = BAFCE51C2B0FFFB000672E2F /* NavegacionSwiftUITests.swift */; };
		BAFCE5272B0FFFB000672E2F /* NavegacionSwiftUIUITests.swift in Sources */ = {isa = PBXBuildFile; fileRef = BAFCE5262B0FFFB000672E2F /* NavegacionSwiftUIUITests.swift */; };
		BAFCE5292B0FFFB000672E2F /* NavegacionSwiftUIUITestsLaunchTests.swift in Sources */ = {isa = PBXBuildFile; fileRef = BAFCE5282B0FFFB000672E2F /* NavegacionSwiftUIUITestsLaunchTests.swift */; };
/* End PBXBuildFile section */

/* Begin PBXContainerItemProxy section */
		BAFCE5192B0FFFB000672E2F /* PBXContainerItemProxy */ = {
			isa = PBXContainerItemProxy;
			containerPortal = BAFCE5002B0FFFAE00672E2F /* Project object */;
			proxyType = 1;
			remoteGlobalIDString = BAFCE5072B0FFFAE00672E2F;
			remoteInfo = NavegacionSwiftUI;
		};
		BAFCE5232B0FFFB000672E2F /* PBXContainerItemProxy */ = {
			isa = PBXContainerItemProxy;
			containerPortal = BAFCE5002B0FFFAE00672E2F /* Project object */;
			proxyType = 1;
			remoteGlobalIDString = BAFCE5072B0FFFAE00672E2F;
			remoteInfo = NavegacionSwiftUI;
		};
/* End PBXContainerItemProxy section */

/* Begin PBXFileReference section */
		BAFCE5082B0FFFAE00672E2F /* NavegacionSwiftUI.app */ = {isa = PBXFileReference; explicitFileType = wrapper.application; includeInIndex = 0; path = NavegacionSwiftUI.app; sourceTree = BUILT_PRODUCTS_DIR; };
		BAFCE50B2B0FFFAE00672E2F /* NavegacionSwiftUIApp.swift */ = {isa = PBXFileReference; lastKnownFileType = sourcecode.swift; path = NavegacionSwiftUIApp.swift; sourceTree = "<group>"; };
		BAFCE50D2B0FFFAE00672E2F /* ContentView.swift */ = {isa = PBXFileReference; lastKnownFileType = sourcecode.swift; path = ContentView.swift; sourceTree = "<group>"; };
		BAFCE50F2B0FFFB000672E2F /* Assets.xcassets */ = {isa = PBXFileReference; lastKnownFileType = folder.assetcatalog; path = Assets.xcassets; sourceTree = "<group>"; };
		BAFCE5122B0FFFB000672E2F /* Preview Assets.xcassets */ = {isa = PBXFileReference; lastKnownFileType = folder.assetcatalog; path = "Preview Assets.xcassets"; sourceTree = "<group>"; };
		BAFCE5182B0FFFB000672E2F /* NavegacionSwiftUITests.xctest */ = {isa = PBXFileReference; explicitFileType = wrapper.cfbundle; includeInIndex = 0; path = NavegacionSwiftUITests.xctest; sourceTree = BUILT_PRODUCTS_DIR; };
		BAFCE51C2B0FFFB000672E2F /* NavegacionSwiftUITests.swift */ = {isa = PBXFileReference; lastKnownFileType = sourcecode.swift; path = NavegacionSwiftUITests.swift; sourceTree = "<group>"; };
		BAFCE5222B0FFFB000672E2F /* NavegacionSwiftUIUITests.xctest */ = {isa = PBXFileReference; explicitFileType = wrapper.cfbundle; includeInIndex = 0; path = NavegacionSwiftUIUITests.xctest; sourceTree = BUILT_PRODUCTS_DIR; };
		BAFCE5262B0FFFB000672E2F /* NavegacionSwiftUIUITests.swift */ = {isa = PBXFileReference; lastKnownFileType = sourcecode.swift; path = NavegacionSwiftUIUITests.swift; sourceTree = "<group>"; };
		BAFCE5282B0FFFB000672E2F /* NavegacionSwiftUIUITestsLaunchTests.swift */ = {isa = PBXFileReference; lastKnownFileType = sourcecode.swift; path = NavegacionSwiftUIUITestsLaunchTests.swift; sourceTree = "<group>"; };
/* End PBXFileReference section */

/* Begin PBXFrameworksBuildPhase section */
		BAFCE5052B0FFFAE00672E2F /* Frameworks */ = {
			isa = PBXFrameworksBuildPhase;
			buildActionMask = 2147483647;
			files = (
			);
			runOnlyForDeploymentPostprocessing = 0;
		};
		BAFCE5152B0FFFB000672E2F /* Frameworks */ = {
			isa = PBXFrameworksBuildPhase;
			buildActionMask = 2147483647;
			files = (
			);
			runOnlyForDeploymentPostprocessing = 0;
		};
		BAFCE51F2B0FFFB000672E2F /* Frameworks */ = {
			isa = PBXFrameworksBuildPhase;
			buildActionMask = 2147483647;
			files = (
			);
			runOnlyForDeploymentPostprocessing = 0;
		};
/* End PBXFrameworksBuildPhase section */

/* Begin PBXGroup section */
		BAFCE4FF2B0FFFAE00672E2F = {
			isa = PBXGroup;
			children = (
				BAFCE50A2B0FFFAE00672E2F /* NavegacionSwiftUI */,
				BAFCE51B2B0FFFB000672E2F /* NavegacionSwiftUITests */,
				BAFCE5252B0FFFB000672E2F /* NavegacionSwiftUIUITests */,
				BAFCE5092B0FFFAE00672E2F /* Products */,
			);
			sourceTree = "<group>";
		};
		BAFCE5092B0FFFAE00672E2F /* Products */ = {
			isa = PBXGroup;
			children = (
				BAFCE5082B0FFFAE00672E2F /* NavegacionSwiftUI.app */,
				BAFCE5182B0FFFB000672E2F /* NavegacionSwiftUITests.xctest */,
				BAFCE5222B0FFFB000672E2F /* NavegacionSwiftUIUITests.xctest */,
			);
			name = Products;
			sourceTree = "<group>";
		};
		BAFCE50A2B0FFFAE00672E2F /* NavegacionSwiftUI */ = {
			isa = PBXGroup;
			children = (
				BAFCE50B2B0FFFAE00672E2F /* NavegacionSwiftUIApp.swift */,
				BAFCE50D2B0FFFAE00672E2F /* ContentView.swift */,
				BAFCE50F2B0FFFB000672E2F /* Assets.xcassets */,
				BAFCE5112B0FFFB000672E2F /* Preview Content */,
			);
			path = NavegacionSwiftUI;
			sourceTree = "<group>";
		};
		BAFCE5112B0FFFB000672E2F /* Preview Content */ = {
			isa = PBXGroup;
			children = (
				BAFCE5122B0FFFB000672E2F /* Preview Assets.xcassets */,
			);
			path = "Preview Content";
			sourceTree = "<group>";
		};
		BAFCE51B2B0FFFB000672E2F /* NavegacionSwiftUITests */ = {
			isa = PBXGroup;
			children = (
				BAFCE51C2B0FFFB000672E2F /* NavegacionSwiftUITests.swift */,
			);
			path = NavegacionSwiftUITests;
			sourceTree = "<group>";
		};
		BAFCE5252B0FFFB000672E2F /* NavegacionSwiftUIUITests */ = {
			isa = PBXGroup;
			children = (
				BAFCE5262B0FFFB000672E2F /* NavegacionSwiftUIUITests.swift */,
				BAFCE5282B0FFFB000672E2F /* NavegacionSwiftUIUITestsLaunchTests.swift */,
			);
			path = NavegacionSwiftUIUITests;
			sourceTree = "<group>";
		};
/* End PBXGroup section */

/* Begin PBXNativeTarget section */
		BAFCE5072B0FFFAE00672E2F /* NavegacionSwiftUI */ = {
			isa = PBXNativeTarget;
			buildConfigurationList = BAFCE52C2B0FFFB000672E2F /* Build configuration list for PBXNativeTarget "NavegacionSwiftUI" */;
			buildPhases = (
				BAFCE5042B0FFFAE00672E2F /* Sources */,
				BAFCE5052B0FFFAE00672E2F /* Frameworks */,
				BAFCE5062B0FFFAE00672E2F /* Resources */,
			);
			buildRules = (
			);
			dependencies = (
			);
			name = NavegacionSwiftUI;
			productName = NavegacionSwiftUI;
			productReference = BAFCE5082B0FFFAE00672E2F /* NavegacionSwiftUI.app */;
			productType = "com.apple.product-type.application";
		};
		BAFCE5172B0FFFB000672E2F /* NavegacionSwiftUITests */ = {
			isa = PBXNativeTarget;
			buildConfigurationList = BAFCE52F2B0FFFB000672E2F /* Build configuration list for PBXNativeTarget "NavegacionSwiftUITests" */;
			buildPhases = (
				BAFCE5142B0FFFB000672E2F /* Sources */,
				BAFCE5152B0FFFB000672E2F /* Frameworks */,
				BAFCE5162B0FFFB000672E2F /* Resources */,
			);
			buildRules = (
			);
			dependencies = (
				BAFCE51A2B0FFFB000672E2F /* PBXTargetDependency */,
			);
			name = NavegacionSwiftUITests;
			productName = NavegacionSwiftUITests;
			productReference = BAFCE5182B0FFFB000672E2F /* NavegacionSwiftUITests.xctest */;
			productType = "com.apple.product-type.bundle.unit-test";
		};
		BAFCE5212B0FFFB000672E2F /* NavegacionSwiftUIUITests */ = {
			isa = PBXNativeTarget;
			buildConfigurationList = BAFCE5322B0FFFB000672E2F /* Build configuration list for PBXNativeTarget "NavegacionSwiftUIUITests" */;
			buildPhases = (
				BAFCE51E2B0FFFB000672E2F /* Sources */,
				BAFCE51F2B0FFFB000672E2F /* Frameworks */,
				BAFCE5202B0FFFB000672E2F /* Resources */,
			);
			buildRules = (
			);
			dependencies = (
				BAFCE5242B0FFFB000672E2F /* PBXTargetDependency */,
			);
			name = NavegacionSwiftUIUITests;
			productName = NavegacionSwiftUIUITests;
			productReference = BAFCE5222B0FFFB000672E2F /* NavegacionSwiftUIUITests.xctest */;
			productType = "com.apple.product-type.bundle.ui-testing";
		};
/* End PBXNativeTarget section */

/* Begin PBXProject section */
		BAFCE5002B0FFFAE00672E2F /* Project object */ = {
			isa = PBXProject;
			attributes = {
				BuildIndependentTargetsInParallel = 1;
				LastSwiftUpdateCheck = 1500;
				LastUpgradeCheck = 1500;
				TargetAttributes = {
					BAFCE5072B0FFFAE00672E2F = {
						CreatedOnToolsVersion = 15.0.1;
					};
					BAFCE5172B0FFFB000672E2F = {
						CreatedOnToolsVersion = 15.0.1;
						TestTargetID = BAFCE5072B0FFFAE00672E2F;
					};
					BAFCE5212B0FFFB000672E2F = {
						CreatedOnToolsVersion = 15.0.1;
						TestTargetID = BAFCE5072B0FFFAE00672E2F;
					};
				};
			};
			buildConfigurationList = BAFCE5032B0FFFAE00672E2F /* Build configuration list for PBXProject "NavegacionSwiftUI" */;
			compatibilityVersion = "Xcode 14.0";
			developmentRegion = en;
			hasScannedForEncodings = 0;
			knownRegions = (
				en,
				Base,
			);
			mainGroup = BAFCE4FF2B0FFFAE00672E2F;
			productRefGroup = BAFCE5092B0FFFAE00672E2F /* Products */;
			projectDirPath = "";
			projectRoot = "";
			targets = (
				BAFCE5072B0FFFAE00672E2F /* NavegacionSwiftUI */,
				BAFCE5172B0FFFB000672E2F /* NavegacionSwiftUITests */,
				BAFCE5212B0FFFB000672E2F /* NavegacionSwiftUIUITests */,
			);
		};
/* End PBXProject section */

/* Begin PBXResourcesBuildPhase section */
		BAFCE5062B0FFFAE00672E2F /* Resources */ = {
			isa = PBXResourcesBuildPhase;
			buildActionMask = 2147483647;
			files = (
				BAFCE5132B0FFFB000672E2F /* Preview Assets.xcassets in Resources */,
				BAFCE5102B0FFFB000672E2F /* Assets.xcassets in Resources */,
			);
			runOnlyForDeploymentPostprocessing = 0;
		};
		BAFCE5162B0FFFB000672E2F /* Resources */ = {
			isa = PBXResourcesBuildPhase;
			buildActionMask = 2147483647;
			files = (
			);
			runOnlyForDeploymentPostprocessing = 0;
		};
		BAFCE5202B0FFFB000672E2F /* Resources */ = {
			isa = PBXResourcesBuildPhase;
			buildActionMask = 2147483647;
			files = (
			);
			runOnlyForDeploymentPostprocessing = 0;
		};
/* End PBXResourcesBuildPhase section */

/* Begin PBXSourcesBuildPhase section */
		BAFCE5042B0FFFAE00672E2F /* Sources */ = {
			isa = PBXSourcesBuildPhase;
			buildActionMask = 2147483647;
			files = (
				BAFCE50E2B0FFFAE00672E2F /* ContentView.swift in Sources */,
				BAFCE50C2B0FFFAE00672E2F /* NavegacionSwiftUIApp.swift in Sources */,
			);
			runOnlyForDeploymentPostprocessing = 0;
		};
		BAFCE5142B0FFFB000672E2F /* Sources */ = {
			isa = PBXSourcesBuildPhase;
			buildActionMask = 2147483647;
			files = (
				BAFCE51D2B0FFFB000672E2F /* NavegacionSwiftUITests.swift in Sources */,
			);
			runOnlyForDeploymentPostprocessing = 0;
		};
		BAFCE51E2B0FFFB000672E2F /* Sources */ = {
			isa = PBXSourcesBuildPhase;
			buildActionMask = 2147483647;
			files = (
				BAFCE5272B0FFFB000672E2F /* NavegacionSwiftUIUITests.swift in Sources */,
				BAFCE5292B0FFFB000672E2F /* NavegacionSwiftUIUITestsLaunchTests.swift in Sources */,
			);
			runOnlyForDeploymentPostprocessing = 0;
		};
/* End PBXSourcesBuildPhase section */

/* Begin PBXTargetDependency section */
		BAFCE51A2B0FFFB000672E2F /* PBXTargetDependency */ = {
			isa = PBXTargetDependency;
			target = BAFCE5072B0FFFAE00672E2F /* NavegacionSwiftUI */;
			targetProxy = BAFCE5192B0FFFB000672E2F /* PBXContainerItemProxy */;
		};
		BAFCE5242B0FFFB000672E2F /* PBXTargetDependency */ = {
			isa = PBXTargetDependency;
			target = BAFCE5072B0FFFAE00672E2F /* NavegacionSwiftUI */;
			targetProxy = BAFCE5232B0FFFB000672E2F /* PBXContainerItemProxy */;
		};
/* End PBXTargetDependency section */

/* Begin XCBuildConfiguration section */
		BAFCE52A2B0FFFB000672E2F /* Debug */ = {
			isa = XCBuildConfiguration;
			buildSettings = {
				ALWAYS_SEARCH_USER_PATHS = NO;
				ASSETCATALOG_COMPILER_GENERATE_SWIFT_ASSET_SYMBOL_EXTENSIONS = YES;
				CLANG_ANALYZER_NONNULL = YES;
				CLANG_ANALYZER_NUMBER_OBJECT_CONVERSION = YES_AGGRESSIVE;
				CLANG_CXX_LANGUAGE_STANDARD = "gnu++20";
				CLANG_ENABLE_MODULES = YES;
				CLANG_ENABLE_OBJC_ARC = YES;
				CLANG_ENABLE_OBJC_WEAK = YES;
				CLANG_WARN_BLOCK_CAPTURE_AUTORELEASING = YES;
				CLANG_WARN_BOOL_CONVERSION = YES;
				CLANG_WARN_COMMA = YES;
				CLANG_WARN_CONSTANT_CONVERSION = YES;
				CLANG_WARN_DEPRECATED_OBJC_IMPLEMENTATIONS = YES;
				CLANG_WARN_DIRECT_OBJC_ISA_USAGE = YES_ERROR;
				CLANG_WARN_DOCUMENTATION_COMMENTS = YES;
				CLANG_WARN_EMPTY_BODY = YES;
				CLANG_WARN_ENUM_CONVERSION = YES;
				CLANG_WARN_INFINITE_RECURSION = YES;
				CLANG_WARN_INT_CONVERSION = YES;
				CLANG_WARN_NON_LITERAL_NULL_CONVERSION = YES;
				CLANG_WARN_OBJC_IMPLICIT_RETAIN_SELF = YES;
				CLANG_WARN_OBJC_LITERAL_CONVERSION = YES;
				CLANG_WARN_OBJC_ROOT_CLASS = YES_ERROR;
				CLANG_WARN_QUOTED_INCLUDE_IN_FRAMEWORK_HEADER = YES;
				CLANG_WARN_RANGE_LOOP_ANALYSIS = YES;
				CLANG_WARN_STRICT_PROTOTYPES = YES;
				CLANG_WARN_SUSPICIOUS_MOVE = YES;
				CLANG_WARN_UNGUARDED_AVAILABILITY = YES_AGGRESSIVE;
				CLANG_WARN_UNREACHABLE_CODE = YES;
				CLANG_WARN__DUPLICATE_METHOD_MATCH = YES;
				COPY_PHASE_STRIP = NO;
				DEBUG_INFORMATION_FORMAT = dwarf;
				ENABLE_STRICT_OBJC_MSGSEND = YES;
				ENABLE_TESTABILITY = YES;
				ENABLE_USER_SCRIPT_SANDBOXING = YES;
				GCC_C_LANGUAGE_STANDARD = gnu17;
				GCC_DYNAMIC_NO_PIC = NO;
				GCC_NO_COMMON_BLOCKS = YES;
				GCC_OPTIMIZATION_LEVEL = 0;
				GCC_PREPROCESSOR_DEFINITIONS = (
					"DEBUG=1",
					"$(inherited)",
				);
				GCC_WARN_64_TO_32_BIT_CONVERSION = YES;
				GCC_WARN_ABOUT_RETURN_TYPE = YES_ERROR;
				GCC_WARN_UNDECLARED_SELECTOR = YES;
				GCC_WARN_UNINITIALIZED_AUTOS = YES_AGGRESSIVE;
				GCC_WARN_UNUSED_FUNCTION = YES;
				GCC_WARN_UNUSED_VARIABLE = YES;
				IPHONEOS_DEPLOYMENT_TARGET = 17.0;
				LOCALIZATION_PREFERS_STRING_CATALOGS = YES;
				MTL_ENABLE_DEBUG_INFO = INCLUDE_SOURCE;
				MTL_FAST_MATH = YES;
				ONLY_ACTIVE_ARCH = YES;
				SDKROOT = iphoneos;
				SWIFT_ACTIVE_COMPILATION_CONDITIONS = "DEBUG $(inherited)";
				SWIFT_OPTIMIZATION_LEVEL = "-Onone";
			};
			name = Debug;
		};
		BAFCE52B2B0FFFB000672E2F /* Release */ = {
			isa = XCBuildConfiguration;
			buildSettings = {
				ALWAYS_SEARCH_USER_PATHS = NO;
				ASSETCATALOG_COMPILER_GENERATE_SWIFT_ASSET_SYMBOL_EXTENSIONS = YES;
				CLANG_ANALYZER_NONNULL = YES;
				CLANG_ANALYZER_NUMBER_OBJECT_CONVERSION = YES_AGGRESSIVE;
				CLANG_CXX_LANGUAGE_STANDARD = "gnu++20";
				CLANG_ENABLE_MODULES = YES;
				CLANG_ENABLE_OBJC_ARC = YES;
				CLANG_ENABLE_OBJC_WEAK = YES;
				CLANG_WARN_BLOCK_CAPTURE_AUTORELEASING = YES;
				CLANG_WARN_BOOL_CONVERSION = YES;
				CLANG_WARN_COMMA = YES;
				CLANG_WARN_CONSTANT_CONVERSION = YES;
				CLANG_WARN_DEPRECATED_OBJC_IMPLEMENTATIONS = YES;
				CLANG_WARN_DIRECT_OBJC_ISA_USAGE = YES_ERROR;
				CLANG_WARN_DOCUMENTATION_COMMENTS = YES;
				CLANG_WARN_EMPTY_BODY = YES;
				CLANG_WARN_ENUM_CONVERSION = YES;
				CLANG_WARN_INFINITE_RECURSION = YES;
				CLANG_WARN_INT_CONVERSION = YES;
				CLANG_WARN_NON_LITERAL_NULL_CONVERSION = YES;
				CLANG_WARN_OBJC_IMPLICIT_RETAIN_SELF = YES;
				CLANG_WARN_OBJC_LITERAL_CONVERSION = YES;
				CLANG_WARN_OBJC_ROOT_CLASS = YES_ERROR;
				CLANG_WARN_QUOTED_INCLUDE_IN_FRAMEWORK_HEADER = YES;
				CLANG_WARN_RANGE_LOOP_ANALYSIS = YES;
				CLANG_WARN_STRICT_PROTOTYPES = YES;
				CLANG_WARN_SUSPICIOUS_MOVE = YES;
				CLANG_WARN_UNGUARDED_AVAILABILITY = YES_AGGRESSIVE;
				CLANG_WARN_UNREACHABLE_CODE = YES;
				CLANG_WARN__DUPLICATE_METHOD_MATCH = YES;
				COPY_PHASE_STRIP = NO;
				DEBUG_INFORMATION_FORMAT = "dwarf-with-dsym";
				ENABLE_NS_ASSERTIONS = NO;
				ENABLE_STRICT_OBJC_MSGSEND = YES;
				ENABLE_USER_SCRIPT_SANDBOXING = YES;
				GCC_C_LANGUAGE_STANDARD = gnu17;
				GCC_NO_COMMON_BLOCKS = YES;
				GCC_WARN_64_TO_32_BIT_CONVERSION = YES;
				GCC_WARN_ABOUT_RETURN_TYPE = YES_ERROR;
				GCC_WARN_UNDECLARED_SELECTOR = YES;
				GCC_WARN_UNINITIALIZED_AUTOS = YES_AGGRESSIVE;
				GCC_WARN_UNUSED_FUNCTION = YES;
				GCC_WARN_UNUSED_VARIABLE = YES;
				IPHONEOS_DEPLOYMENT_TARGET = 17.0;
				LOCALIZATION_PREFERS_STRING_CATALOGS = YES;
				MTL_ENABLE_DEBUG_INFO = NO;
				MTL_FAST_MATH = YES;
				SDKROOT = iphoneos;
				SWIFT_COMPILATION_MODE = wholemodule;
				VALIDATE_PRODUCT = YES;
			};
			name = Release;
		};
		BAFCE52D2B0FFFB000672E2F /* Debug */ = {
			isa = XCBuildConfiguration;
			buildSettings = {
				ASSETCATALOG_COMPILER_APPICON_NAME = AppIcon;
				ASSETCATALOG_COMPILER_GLOBAL_ACCENT_COLOR_NAME = AccentColor;
				CODE_SIGN_STYLE = Automatic;
				CURRENT_PROJECT_VERSION = 1;
				DEVELOPMENT_ASSET_PATHS = "\"NavegacionSwiftUI/Preview Content\"";
				DEVELOPMENT_TEAM = 2365W7GK84;
				ENABLE_PREVIEWS = YES;
				GENERATE_INFOPLIST_FILE = YES;
				INFOPLIST_KEY_UIApplicationSceneManifest_Generation = YES;
				INFOPLIST_KEY_UIApplicationSupportsIndirectInputEvents = YES;
				INFOPLIST_KEY_UILaunchScreen_Generation = YES;
				INFOPLIST_KEY_UISupportedInterfaceOrientations_iPad = "UIInterfaceOrientationPortrait UIInterfaceOrientationPortraitUpsideDown UIInterfaceOrientationLandscapeLeft UIInterfaceOrientationLandscapeRight";
				INFOPLIST_KEY_UISupportedInterfaceOrientations_iPhone = "UIInterfaceOrientationPortrait UIInterfaceOrientationLandscapeLeft UIInterfaceOrientationLandscapeRight";
				LD_RUNPATH_SEARCH_PATHS = (
					"$(inherited)",
					"@executable_path/Frameworks",
				);
				MARKETING_VERSION = 1.0;
				PRODUCT_BUNDLE_IDENTIFIER = alain.NavegacionSwiftUI;
				PRODUCT_NAME = "$(TARGET_NAME)";
				SWIFT_EMIT_LOC_STRINGS = YES;
				SWIFT_VERSION = 5.0;
				TARGETED_DEVICE_FAMILY = "1,2";
			};
			name = Debug;
		};
		BAFCE52E2B0FFFB000672E2F /* Release */ = {
			isa = XCBuildConfiguration;
			buildSettings = {
				ASSETCATALOG_COMPILER_APPICON_NAME = AppIcon;
				ASSETCATALOG_COMPILER_GLOBAL_ACCENT_COLOR_NAME = AccentColor;
				CODE_SIGN_STYLE = Automatic;
				CURRENT_PROJECT_VERSION = 1;
				DEVELOPMENT_ASSET_PATHS = "\"NavegacionSwiftUI/Preview Content\"";
				DEVELOPMENT_TEAM = 2365W7GK84;
				ENABLE_PREVIEWS = YES;
				GENERATE_INFOPLIST_FILE = YES;
				INFOPLIST_KEY_UIApplicationSceneManifest_Generation = YES;
				INFOPLIST_KEY_UIApplicationSupportsIndirectInputEvents = YES;
				INFOPLIST_KEY_UILaunchScreen_Generation = YES;
				INFOPLIST_KEY_UISupportedInterfaceOrientations_iPad = "UIInterfaceOrientationPortrait UIInterfaceOrientationPortraitUpsideDown UIInterfaceOrientationLandscapeLeft UIInterfaceOrientationLandscapeRight";
				INFOPLIST_KEY_UISupportedInterfaceOrientations_iPhone = "UIInterfaceOrientationPortrait UIInterfaceOrientationLandscapeLeft UIInterfaceOrientationLandscapeRight";
				LD_RUNPATH_SEARCH_PATHS = (
					"$(inherited)",
					"@executable_path/Frameworks",
				);
				MARKETING_VERSION = 1.0;
				PRODUCT_BUNDLE_IDENTIFIER = alain.NavegacionSwiftUI;
				PRODUCT_NAME = "$(TARGET_NAME)";
				SWIFT_EMIT_LOC_STRINGS = YES;
				SWIFT_VERSION = 5.0;
				TARGETED_DEVICE_FAMILY = "1,2";
			};
			name = Release;
		};
		BAFCE5302B0FFFB000672E2F /* Debug */ = {
			isa = XCBuildConfiguration;
			buildSettings = {
				ALWAYS_EMBED_SWIFT_STANDARD_LIBRARIES = YES;
				BUNDLE_LOADER = "$(TEST_HOST)";
				CODE_SIGN_STYLE = Automatic;
				CURRENT_PROJECT_VERSION = 1;
				DEVELOPMENT_TEAM = 2365W7GK84;
				GENERATE_INFOPLIST_FILE = YES;
				IPHONEOS_DEPLOYMENT_TARGET = 17.0;
				MARKETING_VERSION = 1.0;
				PRODUCT_BUNDLE_IDENTIFIER = alain.NavegacionSwiftUITests;
				PRODUCT_NAME = "$(TARGET_NAME)";
				SWIFT_EMIT_LOC_STRINGS = NO;
				SWIFT_VERSION = 5.0;
				TARGETED_DEVICE_FAMILY = "1,2";
				TEST_HOST = "$(BUILT_PRODUCTS_DIR)/NavegacionSwiftUI.app/$(BUNDLE_EXECUTABLE_FOLDER_PATH)/NavegacionSwiftUI";
			};
			name = Debug;
		};
		BAFCE5312B0FFFB000672E2F /* Release */ = {
			isa = XCBuildConfiguration;
			buildSettings = {
				ALWAYS_EMBED_SWIFT_STANDARD_LIBRARIES = YES;
				BUNDLE_LOADER = "$(TEST_HOST)";
				CODE_SIGN_STYLE = Automatic;
				CURRENT_PROJECT_VERSION = 1;
				DEVELOPMENT_TEAM = 2365W7GK84;
				GENERATE_INFOPLIST_FILE = YES;
				IPHONEOS_DEPLOYMENT_TARGET = 17.0;
				MARKETING_VERSION = 1.0;
				PRODUCT_BUNDLE_IDENTIFIER = alain.NavegacionSwiftUITests;
				PRODUCT_NAME = "$(TARGET_NAME)";
				SWIFT_EMIT_LOC_STRINGS = NO;
				SWIFT_VERSION = 5.0;
				TARGETED_DEVICE_FAMILY = "1,2";
				TEST_HOST = "$(BUILT_PRODUCTS_DIR)/NavegacionSwiftUI.app/$(BUNDLE_EXECUTABLE_FOLDER_PATH)/NavegacionSwiftUI";
			};
			name = Release;
		};
		BAFCE5332B0FFFB000672E2F /* Debug */ = {
			isa = XCBuildConfiguration;
			buildSettings = {
				ALWAYS_EMBED_SWIFT_STANDARD_LIBRARIES = YES;
				CODE_SIGN_STYLE = Automatic;
				CURRENT_PROJECT_VERSION = 1;
				DEVELOPMENT_TEAM = 2365W7GK84;
				GENERATE_INFOPLIST_FILE = YES;
				MARKETING_VERSION = 1.0;
				PRODUCT_BUNDLE_IDENTIFIER = alain.NavegacionSwiftUIUITests;
				PRODUCT_NAME = "$(TARGET_NAME)";
				SWIFT_EMIT_LOC_STRINGS = NO;
				SWIFT_VERSION = 5.0;
				TARGETED_DEVICE_FAMILY = "1,2";
				TEST_TARGET_NAME = NavegacionSwiftUI;
			};
			name = Debug;
		};
		BAFCE5342B0FFFB000672E2F /* Release */ = {
			isa = XCBuildConfiguration;
			buildSettings = {
				ALWAYS_EMBED_SWIFT_STANDARD_LIBRARIES = YES;
				CODE_SIGN_STYLE = Automatic;
				CURRENT_PROJECT_VERSION = 1;
				DEVELOPMENT_TEAM = 2365W7GK84;
				GENERATE_INFOPLIST_FILE = YES;
				MARKETING_VERSION = 1.0;
				PRODUCT_BUNDLE_IDENTIFIER = alain.NavegacionSwiftUIUITests;
				PRODUCT_NAME = "$(TARGET_NAME)";
				SWIFT_EMIT_LOC_STRINGS = NO;
				SWIFT_VERSION = 5.0;
				TARGETED_DEVICE_FAMILY = "1,2";
				TEST_TARGET_NAME = NavegacionSwiftUI;
			};
			name = Release;
		};
/* End XCBuildConfiguration section */

/* Begin XCConfigurationList section */
		BAFCE5032B0FFFAE00672E2F /* Build configuration list for PBXProject "NavegacionSwiftUI" */ = {
			isa = XCConfigurationList;
			buildConfigurations = (
				BAFCE52A2B0FFFB000672E2F /* Debug */,
				BAFCE52B2B0FFFB000672E2F /* Release */,
			);
			defaultConfigurationIsVisible = 0;
			defaultConfigurationName = Release;
		};
		BAFCE52C2B0FFFB000672E2F /* Build configuration list for PBXNativeTarget "NavegacionSwiftUI" */ = {
			isa = XCConfigurationList;
			buildConfigurations = (
				BAFCE52D2B0FFFB000672E2F /* Debug */,
				BAFCE52E2B0FFFB000672E2F /* Release */,
			);
			defaultConfigurationIsVisible = 0;
			defaultConfigurationName = Release;
		};
		BAFCE52F2B0FFFB000672E2F /* Build configuration list for PBXNativeTarget "NavegacionSwiftUITests" */ = {
			isa = XCConfigurationList;
			buildConfigurations = (
				BAFCE5302B0FFFB000672E2F /* Debug */,
				BAFCE5312B0FFFB000672E2F /* Release */,
			);
			defaultConfigurationIsVisible = 0;
			defaultConfigurationName = Release;
		};
		BAFCE5322B0FFFB000672E2F /* Build configuration list for PBXNativeTarget "NavegacionSwiftUIUITests" */ = {
			isa = XCConfigurationList;
			buildConfigurations = (
				BAFCE5332B0FFFB000672E2F /* Debug */,
				BAFCE5342B0FFFB000672E2F /* Release */,
			);
			defaultConfigurationIsVisible = 0;
			defaultConfigurationName = Release;
		};
/* End XCConfigurationList section */
	};
	rootObject = BAFCE5002B0FFFAE00672E2F /* Project object */;
}
